
Microsoft Visual Studio Solution File, Format Version 12.00
# Visual Studio Version 17
VisualStudioVersion = 17.13.35919.96 d17.13
MinimumVisualStudioVersion = 10.0.40219.1
Project("{FAE04EC0-301F-11D3-BF4B-00C04F79EFBC}") = "NightreignWeaponScaling", "NightreignWeaponScaling.csproj", "{6ADECE98-E9BC-4D9D-A2F6-C44AABD0FA87}"
EndProject
Global
	GlobalSection(SolutionConfigurationPlatforms) = preSolution
		Debug|Any CPU = Debug|Any CPU
		Release|Any CPU = Release|Any CPU
	EndGlobalSection
	GlobalSection(ProjectConfigurationPlatforms) = postSolution
		{6ADECE98-E9BC-4D9D-A2F6-C44AABD0FA87}.Debug|Any CPU.ActiveCfg = Debug|Any CPU
		{6ADECE98-E9BC-4D9D-A2F6-C44AABD0FA87}.Debug|Any CPU.Build.0 = Debug|Any CPU
		{6ADECE98-E9BC-4D9D-A2F6-C44AABD0FA87}.Release|Any CPU.ActiveCfg = Release|Any CPU
		{6ADECE98-E9BC-4D9D-A2F6-C44AABD0FA87}.Release|Any CPU.Build.0 = Release|Any CPU
	EndGlobalSection
	GlobalSection(SolutionProperties) = preSolution
		HideSolutionNode = FALSE
	EndGlobalSection
	GlobalSection(ExtensibilityGlobals) = postSolution
		SolutionGuid = {B6A5CC01-86D6-4C40-B6D9-CDF9B6FA5D23}
	EndGlobalSection
EndGlobal
